
Microsoft Visual Studio Solution File, Format Version 12.00
# Visual Studio Version 17
VisualStudioVersion = 17.9.34714.143
MinimumVisualStudioVersion = 10.0.40219.1
Project("{FAE04EC0-301F-11D3-BF4B-00C04F79EFBC}") = "ConsoleApp1", "ConsoleApp1.csproj", "{0DE1558F-1667-4F54-A9EB-9673EA11149E}"
EndProject
Global
	GlobalSection(SolutionConfigurationPlatforms) = preSolution
		Debug|Any CPU = Debug|Any CPU
		Release|Any CPU = Release|Any CPU
	EndGlobalSection
	GlobalSection(ProjectConfigurationPlatforms) = postSolution
		{0DE1558F-1667-4F54-A9EB-9673EA11149E}.Debug|Any CPU.ActiveCfg = Debug|Any CPU
		{0DE1558F-1667-4F54-A9EB-9673EA11149E}.Debug|Any CPU.Build.0 = Debug|Any CPU
		{0DE1558F-1667-4F54-A9EB-9673EA11149E}.Release|Any CPU.ActiveCfg = Release|Any CPU
		{0DE1558F-1667-4F54-A9EB-9673EA11149E}.Release|Any CPU.Build.0 = Release|Any CPU
	EndGlobalSection
	GlobalSection(SolutionProperties) = preSolution
		HideSolutionNode = FALSE
	EndGlobalSection
	GlobalSection(ExtensibilityGlobals) = postSolution
		SolutionGuid = {AA02E62F-481C-47D0-AF2F-16342FB80BF1}
	EndGlobalSection
EndGlobal
